
Microsoft Visual Studio Solution File, Format Version 11.00
# Visual Studio 2010
Project("{8BC9CEB8-8B4A-11D0-8D11-00A0C91BC942}") = "dnsquery", "dnsquery\dnsquery.vcxproj", "{87B77F97-F502-4EC1-85FB-D87D3238CAA3}"
EndProject
Global
	GlobalSection(SolutionConfigurationPlatforms) = preSolution
		Debug|Win32 = Debug|Win32
		Release|Win32 = Release|Win32
	EndGlobalSection
	GlobalSection(ProjectConfigurationPlatforms) = postSolution
		{87B77F97-F502-4EC1-85FB-D87D3238CAA3}.Debug|Win32.ActiveCfg = Release|Win32
		{87B77F97-F502-4EC1-85FB-D87D3238CAA3}.Debug|Win32.Build.0 = Release|Win32
		{87B77F97-F502-4EC1-85FB-D87D3238CAA3}.Release|Win32.ActiveCfg = Release|Win32
		{87B77F97-F502-4EC1-85FB-D87D3238CAA3}.Release|Win32.Build.0 = Release|Win32
	EndGlobalSection
	GlobalSection(SolutionProperties) = preSolution
		HideSolutionNode = FALSE
	EndGlobalSection
EndGlobal
